github.com/BurntSushi/toml v0.3.1 h1:WXkYYl6Yr3qBf1K79EBnL4mak0OimBfB0XUf9Vl28OQ=
github.com/BurntSushi/toml v0.3.1/go.mod h1:xHWCNGjB5oqiDr8zfno3MHue2Ht5sIBksp03qcyfWMU=
github.com/Netflix/go-expect v0.0.0-20180615182759-c93bf25de8e8 h1:xzYJEypr/85nBpB11F9br+3HUrpgb+fcm5iADzXXYEw=
github.com/Netflix/go-expect v0.0.0-20180615182759-c93bf25de8e8/go.mod h1:oX5x61PbNXchhh0oikYAH+4Pcfw5LKv21+Jnpr6r6Pc=
github.com/VladimirMarkelov/clui v1.1.0 h1:n6MnszEVtukKRah3ZrKJfuIT19AIfjGJnjjDmlDGURA=
github.com/VladimirMarkelov/clui v1.1.0/go.mod h1:Z/EV0mFYdsx8tzmRPzFoq6xkmF9wJ+euTC4p5h690xA=
github.com/atotto/clipboard v0.1.2 h1:YZCtFu5Ie8qX2VmVTBnrqLSiU9XOWwqNRmdT3gIQzbY=
github.com/atotto/clipboard v0.1.2/go.mod h1:ZY9tmq7sm5xIbd9bOK4onWV4S6X0u6GY7Vn0Yu86PYI=
github.com/davecgh/go-spew v1.1.0 h1:ZDRjVQ15GmhC3fiQ8ni8+OwkZQO4DARzQgrnXU1Liz8=
github.com/davecgh/go-spew v1.1.0/go.mod h1:J7Y8YcW2NihsgmVo/mv3lAwl/skON4iLHjSsI+c5H38=
github.com/disintegration/imaging v1.6.0 h1:nVPXRUUQ36Z7MNf0O77UzgnOb1mkMMor7lmJMJXc/mA=
github.com/disintegration/imaging v1.6.0/go.mod h1:xuIt+sRxDFrHS0drzXUlCJthkJ8k7lkkUojDSR247MQ=
github.com/hinshun/vt10x v0.0.0-20180616224451-1954e6464174 h1:WlZsjVhE8Af9IcZDGgJGQpNflI3+MJSBhsgT5PCtzBQ=
github.com/hinshun/vt10x v0.0.0-20180616224451-1954e6464174/go.mod h1:DqJ97dSdRW1W22yXSB90986pcOyQ7r45iio1KN2ez1A=
github.com/huandu/xstrings v1.2.0 h1:yPeWdRnmynF7p+lLYz0H2tthW9lqhMJrQV/U7yy4wX0=
github.com/huandu/xstrings v1.2.0/go.mod h1:DvyZB1rfVYsBIigL8HwpZgxHwXozlTgGqn63UyNX5k4=
github.com/jinzhu/configor v1.0.0 h1:F8ck+vczDAvSbsz77Mj8pttFZQJTFau1uJ3efJkHoYU=
github.com/jinzhu/configor v1.0.0/go.mod h1:xycrO0mK6seJRAHXsdyk54QgPJ20aQNpTGi5xv8jQg8=
github.com/kballard/go-shellquote v0.0.0-20180428030007-95032a82bc51 h1:Z9n2FFNUXsshfwJMBgNA0RU6/i7WVaAegv3PtuIHPMs=
github.com/kballard/go-shellquote v0.0.0-20180428030007-95032a82bc51/go.mod h1:CzGEWj7cYgsdH8dAjBGEr58BoE7ScuLd+fwFZ44+/x8=
github.com/kr/pty v1.1.1 h1:VkoXIwSboBpnk99O/KFauAEILuNHv5DVFKZMBN/gUgw=
github.com/kr/pty v1.1.1/go.mod h1:pFQYn66WHrOpPYNljwOMqo10TkYh1fy3cYio2l3bCsQ=
github.com/mattn/go-colorable v0.0.9 h1:UVL0vNpWh04HeJXV0KLcaT7r06gOH2l4OW6ddYRUIY4=
github.com/mattn/go-colorable v0.0.9/go.mod h1:9vuHe8Xs5qXnSaW/c/ABM9alt+Vo+STaOChaDxuIBZU=
github.com/mattn/go-isatty v0.0.3 h1:ns/ykhmWi7G9O+8a448SecJU3nSMBXJfqQkl0upE1jI=
github.com/mattn/go-isatty v0.0.3/go.mod h1:M+lRXTBqGeGNdLjl/ufCoiOlB5xdOkqRJdNxMWT7Zi4=
github.com/mattn/go-runewidth v0.0.4 h1:2BvfKmzob6Bmd4YsL0zygOqfdFnK7GR4QL06Do4/p7Y=
github.com/mattn/go-runewidth v0.0.4/go.mod h1:LwmH8dsx7+W8Uxz3IHJYH5QSwggIsqBzpuz5H//U1FU=
github.com/mgutz/ansi v0.0.0-20170206155736-9520e82c474b h1:j7+1HpAFS1zy5+Q4qx1fWh90gTKwiN4QCGoY9TWyyO4=
github.com/mgutz/ansi v0.0.0-20170206155736-9520e82c474b/go.mod h1:01TrycV0kFyexm33Z7vhZRXopbI8J3TDReVlkTgMUxE=
github.com/nsf/termbox-go v0.0.0-20190325093121-288510b9734e h1:Vbib8wJAaMEF9jusI/kMSYMr/LtRzM7+F9MJgt/nH8k=
github.com/nsf/termbox-go v0.0.0-20190325093121-288510b9734e/go.mod h1:IuKpRQcYE1Tfu+oAQqaLisqDeXgjyyltCfsaoYN18NQ=
github.com/pmezard/go-difflib v1.0.0 h1:4DBwDE0NGyQoBHbLQYPwSUPoCMWR5BEzIk/f1lZbAQM=
github.com/pmezard/go-difflib v1.0.0/go.mod h1:iKH77koFhYxTK1pcRnkKkqfTogsbg7gZNVY4sRDYZ/4=
github.com/stretchr/testify v1.2.1 h1:52QO5WkIUcHGIR7EnGagH88x1bUzqGXTC5/1bDTUQ7U=
github.com/stretchr/testify v1.2.1/go.mod h1:a8OnRcib4nhh0OaRAV+Yts87kKdq0PP7pXfy6kDkUVs=
github.com/urfave/cli v1.20.0 h1:fDqGv3UG/4jbVl/QkFwEdddtEDjh/5Ov6X+0B/3bPaw=
github.com/urfave/cli v1.20.0/go.mod h1:70zkFmudgCuE/ngEzBv17Jvp/497gISqfk5gWijbERA=
golang.org/x/crypto v0.0.0-20190123085648-057139ce5d2b h1:Elez2XeF2p9uyVj0yEUDqQ56NFcDtcBNkYP7yv8YbUE=
golang.org/x/crypto v0.0.0-20190123085648-057139ce5d2b/go.mod h1:6SG95UA2DQfeDnfUPMdvaQW0Q7yPrPDi9nlGo2tz2b4=
golang.org/x/image v0.0.0-20180708004352-c73c2afc3b81/go.mod h1:ux5Hcp/YLpHSI86hEcLt0YII63i6oz57MZXIpbrjZUs=
golang.org/x/image v0.0.0-20190417020941-4e30a6eb7d9a h1:Rvz6SxvUYdeTtV9mm96imoWefLnhtz9Ac/gJfFfPzdc=
golang.org/x/image v0.0.0-20190417020941-4e30a6eb7d9a/go.mod h1:kZ7UVZpmo3dzQBMxlp+ypCbDeSB+sBbTgSJuh5dn5js=
golang.org/x/sys v0.0.0-20180606202747-9527bec2660b h1:5rOiLYVqtE+JehJPVJTXQJaP8aT3cpJC1Iy22+5WLFU=
golang.org/x/sys v0.0.0-20180606202747-9527bec2660b/go.mod h1:STP8DvDyc/dI5b8T5hshtkjS+E42TnysNCUPdjciGhY=
golang.org/x/text v0.3.0/go.mod h1:NqM8EUOU14njkJ3fqMW+pc6Ldnwhi/IjpwHt7yyuwOQ=
gopkg.in/AlecAivazis/survey.v1 v1.8.3 h1:uf8V0NkfqJkwWF9mWziv/xkpVc31xgwftG7mXU7udHk=
gopkg.in/AlecAivazis/survey.v1 v1.8.3/go.mod h1:iBNOmqKz/NUbZx3bA+4hAGLRC7fSK7tgtVDT4tB22XA=
gopkg.in/check.v1 v0.0.0-20161208181325-20d25e280405 h1:yhCVgyC4o1eVCa2tZl7eS0r+SDo693bJlVdllGtEeKM=
gopkg.in/check.v1 v0.0.0-20161208181325-20d25e280405/go.mod h1:Co6ibVJAznAaIkqp8huTwlJQCZ016jof/cbN4VW5Yz0=
gopkg.in/yaml.v2 v2.2.2 h1:ZCJp+EgiOT7lHqUV2J862kp8Qj64Jo6az82+3Td9dZw=
gopkg.in/yaml.v2 v2.2.2/go.mod h1:hI93XBmqTisBFMUTm0b8Fm+jr3Dg1NNxqwp+5A1VGuI=
